
Microsoft Visual Studio Solution File, Format Version 12.00
# Visual Studio Version 17
VisualStudioVersion = 17.0.31903.59
MinimumVisualStudioVersion = 10.0.40219.1
Project("{9A19103F-16F7-4668-BE54-9A1E7A4F7556}") = "TicketingSystem.DataAccess", "src\TicketingSystem.DataAccess\TicketingSystem.DataAccess.csproj", "{14C8B759-FD05-4234-AE3F-2C8EFC4DA87B}"
EndProject
Project("{2150E333-8FDC-42A3-9474-1A3956D46DE8}") = "tests", "tests", "{1F688416-6D22-416B-B96B-17E924A75CC5}"
EndProject
Project("{2150E333-8FDC-42A3-9474-1A3956D46DE8}") = "src", "src", "{BA02C2E5-C563-4C2F-A1BC-B984AC5D9C61}"
EndProject
Project("{9A19103F-16F7-4668-BE54-9A1E7A4F7556}") = "TicketingSystem.IntegrationTests", "tests\TicketingSystem.IntegrationTests\TicketingSystem.IntegrationTests.csproj", "{8D61F47D-AE18-4EAC-ABC5-AC2D66C9F0A0}"
EndProject
Project("{9A19103F-16F7-4668-BE54-9A1E7A4F7556}") = "TicketingSystem.DatabaseInitializationApp", "src\TicketingSystem.DatabaseInitializationApp\TicketingSystem.DatabaseInitializationApp.csproj", "{3295046F-F286-4740-A2C0-B6481A5BBEF6}"
EndProject
Project("{9A19103F-16F7-4668-BE54-9A1E7A4F7556}") = "TicketingSystem.BusinessLogic", "src\TicketingSystem.BusinessLogic\TicketingSystem.BusinessLogic.csproj", "{4D6BD665-21EA-48DA-8503-9BFCEBCAFE33}"
EndProject
Project("{9A19103F-16F7-4668-BE54-9A1E7A4F7556}") = "TicketingSystem.VenuesApi", "src\TicketingSystem.VenuesApi\TicketingSystem.VenuesApi.csproj", "{03F3896B-2D01-4A01-8A07-CDAD9592E375}"
EndProject
Project("{9A19103F-16F7-4668-BE54-9A1E7A4F7556}") = "TicketingSystem.EventsApi", "src\TicketingSystem.EventsApi\TicketingSystem.EventsApi.csproj", "{553913DB-FA61-42F1-9FE9-5E6483FA8BC0}"
EndProject
Project("{FAE04EC0-301F-11D3-BF4B-00C04F79EFBC}") = "TicketingSystem.PurchasesApi", "src\TicketingSystem.PurchasesAPI\TicketingSystem.PurchasesApi.csproj", "{585D9F4D-72A2-4220-AD41-5F36160FF216}"
EndProject
Global
	GlobalSection(SolutionConfigurationPlatforms) = preSolution
		Debug|Any CPU = Debug|Any CPU
		Release|Any CPU = Release|Any CPU
	EndGlobalSection
	GlobalSection(ProjectConfigurationPlatforms) = postSolution
		{14C8B759-FD05-4234-AE3F-2C8EFC4DA87B}.Debug|Any CPU.ActiveCfg = Debug|Any CPU
		{14C8B759-FD05-4234-AE3F-2C8EFC4DA87B}.Debug|Any CPU.Build.0 = Debug|Any CPU
		{14C8B759-FD05-4234-AE3F-2C8EFC4DA87B}.Release|Any CPU.ActiveCfg = Release|Any CPU
		{14C8B759-FD05-4234-AE3F-2C8EFC4DA87B}.Release|Any CPU.Build.0 = Release|Any CPU
		{8D61F47D-AE18-4EAC-ABC5-AC2D66C9F0A0}.Debug|Any CPU.ActiveCfg = Debug|Any CPU
		{8D61F47D-AE18-4EAC-ABC5-AC2D66C9F0A0}.Debug|Any CPU.Build.0 = Debug|Any CPU
		{8D61F47D-AE18-4EAC-ABC5-AC2D66C9F0A0}.Release|Any CPU.ActiveCfg = Release|Any CPU
		{8D61F47D-AE18-4EAC-ABC5-AC2D66C9F0A0}.Release|Any CPU.Build.0 = Release|Any CPU
		{3295046F-F286-4740-A2C0-B6481A5BBEF6}.Debug|Any CPU.ActiveCfg = Debug|Any CPU
		{3295046F-F286-4740-A2C0-B6481A5BBEF6}.Debug|Any CPU.Build.0 = Debug|Any CPU
		{3295046F-F286-4740-A2C0-B6481A5BBEF6}.Release|Any CPU.ActiveCfg = Release|Any CPU
		{3295046F-F286-4740-A2C0-B6481A5BBEF6}.Release|Any CPU.Build.0 = Release|Any CPU
		{4D6BD665-21EA-48DA-8503-9BFCEBCAFE33}.Debug|Any CPU.ActiveCfg = Debug|Any CPU
		{4D6BD665-21EA-48DA-8503-9BFCEBCAFE33}.Debug|Any CPU.Build.0 = Debug|Any CPU
		{4D6BD665-21EA-48DA-8503-9BFCEBCAFE33}.Release|Any CPU.ActiveCfg = Release|Any CPU
		{4D6BD665-21EA-48DA-8503-9BFCEBCAFE33}.Release|Any CPU.Build.0 = Release|Any CPU
		{03F3896B-2D01-4A01-8A07-CDAD9592E375}.Debug|Any CPU.ActiveCfg = Debug|Any CPU
		{03F3896B-2D01-4A01-8A07-CDAD9592E375}.Debug|Any CPU.Build.0 = Debug|Any CPU
		{03F3896B-2D01-4A01-8A07-CDAD9592E375}.Release|Any CPU.ActiveCfg = Release|Any CPU
		{03F3896B-2D01-4A01-8A07-CDAD9592E375}.Release|Any CPU.Build.0 = Release|Any CPU
		{553913DB-FA61-42F1-9FE9-5E6483FA8BC0}.Debug|Any CPU.ActiveCfg = Debug|Any CPU
		{553913DB-FA61-42F1-9FE9-5E6483FA8BC0}.Debug|Any CPU.Build.0 = Debug|Any CPU
		{553913DB-FA61-42F1-9FE9-5E6483FA8BC0}.Release|Any CPU.ActiveCfg = Release|Any CPU
		{553913DB-FA61-42F1-9FE9-5E6483FA8BC0}.Release|Any CPU.Build.0 = Release|Any CPU
		{585D9F4D-72A2-4220-AD41-5F36160FF216}.Debug|Any CPU.ActiveCfg = Debug|Any CPU
		{585D9F4D-72A2-4220-AD41-5F36160FF216}.Debug|Any CPU.Build.0 = Debug|Any CPU
		{585D9F4D-72A2-4220-AD41-5F36160FF216}.Release|Any CPU.ActiveCfg = Release|Any CPU
		{585D9F4D-72A2-4220-AD41-5F36160FF216}.Release|Any CPU.Build.0 = Release|Any CPU
	EndGlobalSection
	GlobalSection(SolutionProperties) = preSolution
		HideSolutionNode = FALSE
	EndGlobalSection
	GlobalSection(NestedProjects) = preSolution
		{14C8B759-FD05-4234-AE3F-2C8EFC4DA87B} = {BA02C2E5-C563-4C2F-A1BC-B984AC5D9C61}
		{8D61F47D-AE18-4EAC-ABC5-AC2D66C9F0A0} = {1F688416-6D22-416B-B96B-17E924A75CC5}
		{4D6BD665-21EA-48DA-8503-9BFCEBCAFE33} = {BA02C2E5-C563-4C2F-A1BC-B984AC5D9C61}
		{03F3896B-2D01-4A01-8A07-CDAD9592E375} = {BA02C2E5-C563-4C2F-A1BC-B984AC5D9C61}
		{553913DB-FA61-42F1-9FE9-5E6483FA8BC0} = {BA02C2E5-C563-4C2F-A1BC-B984AC5D9C61}
		{585D9F4D-72A2-4220-AD41-5F36160FF216} = {BA02C2E5-C563-4C2F-A1BC-B984AC5D9C61}
	EndGlobalSection
	GlobalSection(ExtensibilityGlobals) = postSolution
		SolutionGuid = {BA25D757-FE46-4CD8-B21A-55398E61E628}
	EndGlobalSection
	GlobalSection(CRMSolutionProperties) = preSolution
		SolutionIsBoundToCRM = True
	EndGlobalSection
EndGlobal
